
Microsoft Visual Studio Solution File, Format Version 12.00
# Visual Studio 15
VisualStudioVersion = 15.0.28307.106
MinimumVisualStudioVersion = 10.0.40219.1
Project("{FAE04EC0-301F-11D3-BF4B-00C04F79EFBC}") = "CS-PC Info", "Project\CS-PC Info.csproj", "{39F09A85-B236-4CF2-9575-D1FA30EB7886}"
EndProject
Global
	GlobalSection(SolutionConfigurationPlatforms) = preSolution
		Debug|Any CPU = Debug|Any CPU
		Release|Any CPU = Release|Any CPU
	EndGlobalSection
	GlobalSection(ProjectConfigurationPlatforms) = postSolution
		{39F09A85-B236-4CF2-9575-D1FA30EB7886}.Debug|Any CPU.ActiveCfg = Debug|Any CPU
		{39F09A85-B236-4CF2-9575-D1FA30EB7886}.Debug|Any CPU.Build.0 = Debug|Any CPU
		{39F09A85-B236-4CF2-9575-D1FA30EB7886}.Release|Any CPU.ActiveCfg = Release|Any CPU
		{39F09A85-B236-4CF2-9575-D1FA30EB7886}.Release|Any CPU.Build.0 = Release|Any CPU
	EndGlobalSection
	GlobalSection(SolutionProperties) = preSolution
		HideSolutionNode = FALSE
	EndGlobalSection
	GlobalSection(ExtensibilityGlobals) = postSolution
		SolutionGuid = {E7197808-6819-4C0B-8B98-AE7FFA8928DF}
	EndGlobalSection
EndGlobal
